
Microsoft Visual Studio Solution File, Format Version 12.00
# Visual Studio 15
VisualStudioVersion = 15.0.28307.1209
MinimumVisualStudioVersion = 10.0.40219.1
Project("{FAE04EC0-301F-11D3-BF4B-00C04F79EFBC}") = "CustomTab_main", "CustomTab_main\CustomTab_main.csproj", "{899749C0-1833-449F-92DF-451A6284D610}"
EndProject
Global
	GlobalSection(SolutionConfigurationPlatforms) = preSolution
		Debug|Any CPU = Debug|Any CPU
		Release|Any CPU = Release|Any CPU
	EndGlobalSection
	GlobalSection(ProjectConfigurationPlatforms) = postSolution
		{899749C0-1833-449F-92DF-451A6284D610}.Debug|Any CPU.ActiveCfg = Debug|Any CPU
		{899749C0-1833-449F-92DF-451A6284D610}.Debug|Any CPU.Build.0 = Debug|Any CPU
		{899749C0-1833-449F-92DF-451A6284D610}.Release|Any CPU.ActiveCfg = Release|Any CPU
		{899749C0-1833-449F-92DF-451A6284D610}.Release|Any CPU.Build.0 = Release|Any CPU
	EndGlobalSection
	GlobalSection(SolutionProperties) = preSolution
		HideSolutionNode = FALSE
	EndGlobalSection
	GlobalSection(ExtensibilityGlobals) = postSolution
		SolutionGuid = {A977AAFE-8B36-42BE-956A-1AA8151AFF41}
	EndGlobalSection
EndGlobal
